{
  "name": "dns-resolution",
  "version": "0.2.2",
  "lockfileVersion": 1,
  "requires": true,
  "dependencies": {
    "did-uri": {
      "version": "0.2.6",
      "resolved": "https://registry.npmjs.org/did-uri/-/did-uri-0.2.6.tgz",
      "integrity": "sha512-DTvu91dlR1bNI19gNQTuuJt9rbddCf2P2VAHAkNDsu2tejdZ90/jBUgtLcHne1S2Kh0DPUCB8vSEt2Mio1oieQ==",
      "requires": {
        "qs": "6.6.0"
      }
    },
    "dns-packet": {
      "version": "5.0.4",
      "resolved": "https://registry.npmjs.org/dns-packet/-/dns-packet-5.0.4.tgz",
      "integrity": "sha512-tbBxz5nn6Xkw/xrZ9gLzpGMrnkHjEdoUdB4MaAOGkZdxe+Q2m9ojtuoP7dlGcmy7g9ix/H1qIUwUQBzUx7VVHA==",
      "requires": {
        "ip": "1.1.5"
      }
    },
    "dns-socket": {
      "version": "4.1.1",
      "resolved": "https://registry.npmjs.org/dns-socket/-/dns-socket-4.1.1.tgz",
      "integrity": "sha512-Di/5kHM1QIn9bF94chtFL9AoX2U4WneZ2KDvPH65vv9RSVqINEqfEvcqd1SUxIfDgU/Eic+NAezPrWOXtUI7Yw==",
      "requires": {
        "dns-packet": "5.0.4"
      }
    },
    "ip": {
      "version": "1.1.5",
      "resolved": "https://registry.npmjs.org/ip/-/ip-1.1.5.tgz",
      "integrity": "sha1-vd7XARQpCCjAoDnnLvJfWq7ENUo="
    },
    "pify": {
      "version": "4.0.1",
      "resolved": "https://registry.npmjs.org/pify/-/pify-4.0.1.tgz",
      "integrity": "sha512-uB80kBFb/tfd68bVleG9T5GGsGPjJrLAUpR5PZIrhBnIaRTQRjqdJSsIKkOP6OAIFbj7GOrcudc5pNjZ+geV2g=="
    },
    "qs": {
      "version": "6.6.0",
      "resolved": "https://registry.npmjs.org/qs/-/qs-6.6.0.tgz",
      "integrity": "sha512-KIJqT9jQJDQx5h5uAVPimw6yVg2SekOKu959OCtktD3FjzbpvaPr8i4zzg07DOMz+igA4W/aNM7OV8H37pFYfA=="
    }
  }
}
